
Microsoft Visual Studio Solution File, Format Version 12.00
# Visual Studio Version 17
VisualStudioVersion = 17.10.35122.118
MinimumVisualStudioVersion = 10.0.40219.1
Project("{FAE04EC0-301F-11D3-BF4B-00C04F79EFBC}") = "accounting", "accounting\accounting.csproj", "{35EBC51A-8903-4AAC-B358-FAECF7AA574D}"
EndProject
Global
	GlobalSection(SolutionConfigurationPlatforms) = preSolution
		Debug|Any CPU = Debug|Any CPU
		Release|Any CPU = Release|Any CPU
	EndGlobalSection
	GlobalSection(ProjectConfigurationPlatforms) = postSolution
		{35EBC51A-8903-4AAC-B358-FAECF7AA574D}.Debug|Any CPU.ActiveCfg = Debug|Any CPU
		{35EBC51A-8903-4AAC-B358-FAECF7AA574D}.Debug|Any CPU.Build.0 = Debug|Any CPU
		{35EBC51A-8903-4AAC-B358-FAECF7AA574D}.Release|Any CPU.ActiveCfg = Release|Any CPU
		{35EBC51A-8903-4AAC-B358-FAECF7AA574D}.Release|Any CPU.Build.0 = Release|Any CPU
	EndGlobalSection
	GlobalSection(SolutionProperties) = preSolution
		HideSolutionNode = FALSE
	EndGlobalSection
	GlobalSection(ExtensibilityGlobals) = postSolution
		SolutionGuid = {A209A532-AF56-4DA0-A961-AF0040F04CD3}
	EndGlobalSection
EndGlobal
