
Microsoft Visual Studio Solution File, Format Version 12.00
# Visual Studio Version 17
VisualStudioVersion = 17.10.35122.118
MinimumVisualStudioVersion = 10.0.40219.1
Project("{9A19103F-16F7-4668-BE54-9A1E7A4F7556}") = "InventoryManagement", "InventoryManagement\InventoryManagement.csproj", "{1D8C54E4-F95F-4B9F-B1B7-C083BB276E4E}"
EndProject
Project("{FAE04EC0-301F-11D3-BF4B-00C04F79EFBC}") = "ApiGateway", "ApiGateway\ApiGateway.csproj", "{B2D1C698-51B0-45CA-8176-A0E46EDAE35F}"
EndProject
Global
	GlobalSection(SolutionConfigurationPlatforms) = preSolution
		Debug|Any CPU = Debug|Any CPU
		Release|Any CPU = Release|Any CPU
	EndGlobalSection
	GlobalSection(ProjectConfigurationPlatforms) = postSolution
		{1D8C54E4-F95F-4B9F-B1B7-C083BB276E4E}.Debug|Any CPU.ActiveCfg = Debug|Any CPU
		{1D8C54E4-F95F-4B9F-B1B7-C083BB276E4E}.Debug|Any CPU.Build.0 = Debug|Any CPU
		{1D8C54E4-F95F-4B9F-B1B7-C083BB276E4E}.Release|Any CPU.ActiveCfg = Release|Any CPU
		{1D8C54E4-F95F-4B9F-B1B7-C083BB276E4E}.Release|Any CPU.Build.0 = Release|Any CPU
		{B2D1C698-51B0-45CA-8176-A0E46EDAE35F}.Debug|Any CPU.ActiveCfg = Debug|Any CPU
		{B2D1C698-51B0-45CA-8176-A0E46EDAE35F}.Debug|Any CPU.Build.0 = Debug|Any CPU
		{B2D1C698-51B0-45CA-8176-A0E46EDAE35F}.Release|Any CPU.ActiveCfg = Release|Any CPU
		{B2D1C698-51B0-45CA-8176-A0E46EDAE35F}.Release|Any CPU.Build.0 = Release|Any CPU
	EndGlobalSection
	GlobalSection(SolutionProperties) = preSolution
		HideSolutionNode = FALSE
	EndGlobalSection
	GlobalSection(ExtensibilityGlobals) = postSolution
		SolutionGuid = {A7A0AE5B-F6D7-4528-9DA7-44BD5FFA14C8}
	EndGlobalSection
EndGlobal
